
Microsoft Visual Studio Solution File, Format Version 12.00
# Visual Studio Version 17
VisualStudioVersion = 17.11.35327.3
MinimumVisualStudioVersion = 10.0.40219.1
Project("{FAE04EC0-301F-11D3-BF4B-00C04F79EFBC}") = "Authorization&Refreshtoken", "Authorization&Refreshtoken.csproj", "{964C8D08-540A-4D0B-98DF-C179103C0800}"
EndProject
Global
	GlobalSection(SolutionConfigurationPlatforms) = preSolution
		Debug|Any CPU = Debug|Any CPU
		Release|Any CPU = Release|Any CPU
	EndGlobalSection
	GlobalSection(ProjectConfigurationPlatforms) = postSolution
		{964C8D08-540A-4D0B-98DF-C179103C0800}.Debug|Any CPU.ActiveCfg = Debug|Any CPU
		{964C8D08-540A-4D0B-98DF-C179103C0800}.Debug|Any CPU.Build.0 = Debug|Any CPU
		{964C8D08-540A-4D0B-98DF-C179103C0800}.Release|Any CPU.ActiveCfg = Release|Any CPU
		{964C8D08-540A-4D0B-98DF-C179103C0800}.Release|Any CPU.Build.0 = Release|Any CPU
	EndGlobalSection
	GlobalSection(SolutionProperties) = preSolution
		HideSolutionNode = FALSE
	EndGlobalSection
	GlobalSection(ExtensibilityGlobals) = postSolution
		SolutionGuid = {5E2FA2B9-AC46-4115-9D72-980DAD85AA81}
	EndGlobalSection
EndGlobal
